
Microsoft Visual Studio Solution File, Format Version 12.00
# Visual Studio 15
Project("{FAE04EC0-301F-11D3-BF4B-00C04F79EFBC}") = "Assembly-CSharp", "Assembly-CSharp.csproj", "{00DB4228-DC81-0920-9B54-F44FBC29A923}"
EndProject
Project("{FAE04EC0-301F-11D3-BF4B-00C04F79EFBC}") = "AppleAuth", "AppleAuth.csproj", "{EF5E6E4E-5A7E-F208-DAD1-005F26D0D344}"
EndProject
Project("{FAE04EC0-301F-11D3-BF4B-00C04F79EFBC}") = "CFXRDemo", "CFXRDemo.csproj", "{0146AF14-9BA2-1774-16A4-3DA19A541368}"
EndProject
Project("{FAE04EC0-301F-11D3-BF4B-00C04F79EFBC}") = "CFXRRuntime", "CFXRRuntime.csproj", "{C6F6610A-595B-8D07-D05C-739FB19D9300}"
EndProject
Project("{FAE04EC0-301F-11D3-BF4B-00C04F79EFBC}") = "Assembly-CSharp-firstpass", "Assembly-CSharp-firstpass.csproj", "{B7E8AD5B-8C7F-8C70-3A33-752CDEA91C92}"
EndProject
Project("{FAE04EC0-301F-11D3-BF4B-00C04F79EFBC}") = "OtoonShader", "OtoonShader.csproj", "{12C6D8EA-3D6B-5A29-7FA7-73CBAE0A5499}"
EndProject
Project("{FAE04EC0-301F-11D3-BF4B-00C04F79EFBC}") = "KinoBloom.Runtime", "KinoBloom.Runtime.csproj", "{BBC61E4E-BBB6-9529-30A4-2025E2B7D1AE}"
EndProject
Project("{FAE04EC0-301F-11D3-BF4B-00C04F79EFBC}") = "CFXREditor", "CFXREditor.csproj", "{0B2C3933-3EC4-9ABD-8B99-A278E5B7256A}"
EndProject
Project("{FAE04EC0-301F-11D3-BF4B-00C04F79EFBC}") = "OtoonEditor", "OtoonEditor.csproj", "{1A368A4D-DCE6-5008-6833-E38EF36202D6}"
EndProject
Project("{FAE04EC0-301F-11D3-BF4B-00C04F79EFBC}") = "ToonyColorsPro.Demo.Editor", "ToonyColorsPro.Demo.Editor.csproj", "{4A079C70-B1CD-5BB8-5E87-9B92503F9783}"
EndProject
Project("{FAE04EC0-301F-11D3-BF4B-00C04F79EFBC}") = "AppleAuth.Editor", "AppleAuth.Editor.csproj", "{5324DFC2-1DFE-B680-C185-2BAAE0FC9694}"
EndProject
Project("{FAE04EC0-301F-11D3-BF4B-00C04F79EFBC}") = "CFXR.WelcomeScreen", "CFXR.WelcomeScreen.csproj", "{3F1B2ADA-71E3-C9F9-23D7-751A1E711939}"
EndProject
Project("{FAE04EC0-301F-11D3-BF4B-00C04F79EFBC}") = "Assembly-CSharp-Editor", "Assembly-CSharp-Editor.csproj", "{0DCA9BEC-C82E-B188-3D05-43960BD51317}"
EndProject
Global
	GlobalSection(SolutionConfigurationPlatforms) = preSolution
		Debug|Any CPU = Debug|Any CPU
		Release|Any CPU = Release|Any CPU
	EndGlobalSection
	GlobalSection(ProjectConfigurationPlatforms) = postSolution
		{00DB4228-DC81-0920-9B54-F44FBC29A923}.Debug|Any CPU.ActiveCfg = Debug|Any CPU
		{00DB4228-DC81-0920-9B54-F44FBC29A923}.Debug|Any CPU.Build.0 = Debug|Any CPU
		{00DB4228-DC81-0920-9B54-F44FBC29A923}.Release|Any CPU.ActiveCfg = Release|Any CPU
		{00DB4228-DC81-0920-9B54-F44FBC29A923}.Release|Any CPU.Build.0 = Release|Any CPU
		{EF5E6E4E-5A7E-F208-DAD1-005F26D0D344}.Debug|Any CPU.ActiveCfg = Debug|Any CPU
		{EF5E6E4E-5A7E-F208-DAD1-005F26D0D344}.Debug|Any CPU.Build.0 = Debug|Any CPU
		{EF5E6E4E-5A7E-F208-DAD1-005F26D0D344}.Release|Any CPU.ActiveCfg = Release|Any CPU
		{EF5E6E4E-5A7E-F208-DAD1-005F26D0D344}.Release|Any CPU.Build.0 = Release|Any CPU
		{0146AF14-9BA2-1774-16A4-3DA19A541368}.Debug|Any CPU.ActiveCfg = Debug|Any CPU
		{0146AF14-9BA2-1774-16A4-3DA19A541368}.Debug|Any CPU.Build.0 = Debug|Any CPU
		{0146AF14-9BA2-1774-16A4-3DA19A541368}.Release|Any CPU.ActiveCfg = Release|Any CPU
		{0146AF14-9BA2-1774-16A4-3DA19A541368}.Release|Any CPU.Build.0 = Release|Any CPU
		{C6F6610A-595B-8D07-D05C-739FB19D9300}.Debug|Any CPU.ActiveCfg = Debug|Any CPU
		{C6F6610A-595B-8D07-D05C-739FB19D9300}.Debug|Any CPU.Build.0 = Debug|Any CPU
		{C6F6610A-595B-8D07-D05C-739FB19D9300}.Release|Any CPU.ActiveCfg = Release|Any CPU
		{C6F6610A-595B-8D07-D05C-739FB19D9300}.Release|Any CPU.Build.0 = Release|Any CPU
		{B7E8AD5B-8C7F-8C70-3A33-752CDEA91C92}.Debug|Any CPU.ActiveCfg = Debug|Any CPU
		{B7E8AD5B-8C7F-8C70-3A33-752CDEA91C92}.Debug|Any CPU.Build.0 = Debug|Any CPU
		{B7E8AD5B-8C7F-8C70-3A33-752CDEA91C92}.Release|Any CPU.ActiveCfg = Release|Any CPU
		{B7E8AD5B-8C7F-8C70-3A33-752CDEA91C92}.Release|Any CPU.Build.0 = Release|Any CPU
		{12C6D8EA-3D6B-5A29-7FA7-73CBAE0A5499}.Debug|Any CPU.ActiveCfg = Debug|Any CPU
		{12C6D8EA-3D6B-5A29-7FA7-73CBAE0A5499}.Debug|Any CPU.Build.0 = Debug|Any CPU
		{12C6D8EA-3D6B-5A29-7FA7-73CBAE0A5499}.Release|Any CPU.ActiveCfg = Release|Any CPU
		{12C6D8EA-3D6B-5A29-7FA7-73CBAE0A5499}.Release|Any CPU.Build.0 = Release|Any CPU
		{BBC61E4E-BBB6-9529-30A4-2025E2B7D1AE}.Debug|Any CPU.ActiveCfg = Debug|Any CPU
		{BBC61E4E-BBB6-9529-30A4-2025E2B7D1AE}.Debug|Any CPU.Build.0 = Debug|Any CPU
		{BBC61E4E-BBB6-9529-30A4-2025E2B7D1AE}.Release|Any CPU.ActiveCfg = Release|Any CPU
		{BBC61E4E-BBB6-9529-30A4-2025E2B7D1AE}.Release|Any CPU.Build.0 = Release|Any CPU
		{0B2C3933-3EC4-9ABD-8B99-A278E5B7256A}.Debug|Any CPU.ActiveCfg = Debug|Any CPU
		{0B2C3933-3EC4-9ABD-8B99-A278E5B7256A}.Debug|Any CPU.Build.0 = Debug|Any CPU
		{0B2C3933-3EC4-9ABD-8B99-A278E5B7256A}.Release|Any CPU.ActiveCfg = Release|Any CPU
		{0B2C3933-3EC4-9ABD-8B99-A278E5B7256A}.Release|Any CPU.Build.0 = Release|Any CPU
		{1A368A4D-DCE6-5008-6833-E38EF36202D6}.Debug|Any CPU.ActiveCfg = Debug|Any CPU
		{1A368A4D-DCE6-5008-6833-E38EF36202D6}.Debug|Any CPU.Build.0 = Debug|Any CPU
		{1A368A4D-DCE6-5008-6833-E38EF36202D6}.Release|Any CPU.ActiveCfg = Release|Any CPU
		{1A368A4D-DCE6-5008-6833-E38EF36202D6}.Release|Any CPU.Build.0 = Release|Any CPU
		{4A079C70-B1CD-5BB8-5E87-9B92503F9783}.Debug|Any CPU.ActiveCfg = Debug|Any CPU
		{4A079C70-B1CD-5BB8-5E87-9B92503F9783}.Debug|Any CPU.Build.0 = Debug|Any CPU
		{4A079C70-B1CD-5BB8-5E87-9B92503F9783}.Release|Any CPU.ActiveCfg = Release|Any CPU
		{4A079C70-B1CD-5BB8-5E87-9B92503F9783}.Release|Any CPU.Build.0 = Release|Any CPU
		{5324DFC2-1DFE-B680-C185-2BAAE0FC9694}.Debug|Any CPU.ActiveCfg = Debug|Any CPU
		{5324DFC2-1DFE-B680-C185-2BAAE0FC9694}.Debug|Any CPU.Build.0 = Debug|Any CPU
		{5324DFC2-1DFE-B680-C185-2BAAE0FC9694}.Release|Any CPU.ActiveCfg = Release|Any CPU
		{5324DFC2-1DFE-B680-C185-2BAAE0FC9694}.Release|Any CPU.Build.0 = Release|Any CPU
		{3F1B2ADA-71E3-C9F9-23D7-751A1E711939}.Debug|Any CPU.ActiveCfg = Debug|Any CPU
		{3F1B2ADA-71E3-C9F9-23D7-751A1E711939}.Debug|Any CPU.Build.0 = Debug|Any CPU
		{3F1B2ADA-71E3-C9F9-23D7-751A1E711939}.Release|Any CPU.ActiveCfg = Release|Any CPU
		{3F1B2ADA-71E3-C9F9-23D7-751A1E711939}.Release|Any CPU.Build.0 = Release|Any CPU
		{0DCA9BEC-C82E-B188-3D05-43960BD51317}.Debug|Any CPU.ActiveCfg = Debug|Any CPU
		{0DCA9BEC-C82E-B188-3D05-43960BD51317}.Debug|Any CPU.Build.0 = Debug|Any CPU
		{0DCA9BEC-C82E-B188-3D05-43960BD51317}.Release|Any CPU.ActiveCfg = Release|Any CPU
		{0DCA9BEC-C82E-B188-3D05-43960BD51317}.Release|Any CPU.Build.0 = Release|Any CPU
	EndGlobalSection
	GlobalSection(SolutionProperties) = preSolution
		HideSolutionNode = FALSE
	EndGlobalSection
EndGlobal
